// !$*UTF8*$!
{
	archiveVersion = 1;
	classes = {
	};
	objectVersion = 46;
	objects = {

/* Begin PBXBuildFile section */
		F11B6EE31C59DBE600872347 /* NotificationCenterKeys.swift in Sources */ = {isa = PBXBuildFile; fileRef = F11B6EE21C59DBE600872347 /* NotificationCenterKeys.swift */; };
		F12CBFF31C5C370100607D5E /* Share-TechMono.ttf in Resources */ = {isa = PBXBuildFile; fileRef = F12CBFF21C5C370100607D5E /* Share-TechMono.ttf */; };
		F142A90B1C5A66B800CAEE0C /* FriendsViewController.swift in Sources */ = {isa = PBXBuildFile; fileRef = F142A90A1C5A66B800CAEE0C /* FriendsViewController.swift */; };
		F142A90D1C5A670B00CAEE0C /* FriendTableViewCell.swift in Sources */ = {isa = PBXBuildFile; fileRef = F142A90C1C5A670B00CAEE0C /* FriendTableViewCell.swift */; };
		F148B35C1C5D3D68005E45D6 /* FeedViewController.swift in Sources */ = {isa = PBXBuildFile; fileRef = F148B35B1C5D3D68005E45D6 /* FeedViewController.swift */; };
		F170AE2E1C5887D00093EC23 /* AppDelegate.swift in Sources */ = {isa = PBXBuildFile; fileRef = F170AE2D1C5887D00093EC23 /* AppDelegate.swift */; };
		F170AE331C5887D00093EC23 /* Main.storyboard in Resources */ = {isa = PBXBuildFile; fileRef = F170AE311C5887D00093EC23 /* Main.storyboard */; };
		F170AE351C5887D00093EC23 /* Assets.xcassets in Resources */ = {isa = PBXBuildFile; fileRef = F170AE341C5887D00093EC23 /* Assets.xcassets */; };
		F170AE381C5887D00093EC23 /* LaunchScreen.storyboard in Resources */ = {isa = PBXBuildFile; fileRef = F170AE361C5887D00093EC23 /* LaunchScreen.storyboard */; };
		F170AE431C5887D00093EC23 /* GridLockTests.swift in Sources */ = {isa = PBXBuildFile; fileRef = F170AE421C5887D00093EC23 /* GridLockTests.swift */; };
		F170AE4E1C5887D00093EC23 /* GridLockUITests.swift in Sources */ = {isa = PBXBuildFile; fileRef = F170AE4D1C5887D00093EC23 /* GridLockUITests.swift */; };
		F170AE5C1C58887B0093EC23 /* GridlockViewController.swift in Sources */ = {isa = PBXBuildFile; fileRef = F170AE5B1C58887B0093EC23 /* GridlockViewController.swift */; };
		F170AE671C589B390093EC23 /* Bolts.framework in Frameworks */ = {isa = PBXBuildFile; fileRef = F170AE611C589B390093EC23 /* Bolts.framework */; };
		F170AE681C589B390093EC23 /* Parse.framework in Frameworks */ = {isa = PBXBuildFile; fileRef = F170AE621C589B390093EC23 /* Parse.framework */; };
		F170AE6A1C589B390093EC23 /* ParseFacebookUtilsV4.framework in Frameworks */ = {isa = PBXBuildFile; fileRef = F170AE641C589B390093EC23 /* ParseFacebookUtilsV4.framework */; };
		F170AE6B1C589B390093EC23 /* ParseTwitterUtils.framework in Frameworks */ = {isa = PBXBuildFile; fileRef = F170AE651C589B390093EC23 /* ParseTwitterUtils.framework */; };
		F170AE6C1C589B390093EC23 /* ParseUI.framework in Frameworks */ = {isa = PBXBuildFile; fileRef = F170AE661C589B390093EC23 /* ParseUI.framework */; };
		F170AE6E1C589B570093EC23 /* AudioToolbox.framework in Frameworks */ = {isa = PBXBuildFile; fileRef = F170AE6D1C589B570093EC23 /* AudioToolbox.framework */; };
		F170AE701C589B5E0093EC23 /* CFNetwork.framework in Frameworks */ = {isa = PBXBuildFile; fileRef = F170AE6F1C589B5E0093EC23 /* CFNetwork.framework */; };
		F170AE721C589B650093EC23 /* CoreGraphics.framework in Frameworks */ = {isa = PBXBuildFile; fileRef = F170AE711C589B650093EC23 /* CoreGraphics.framework */; };
		F170AE761C589B7B0093EC23 /* CoreLocation.framework in Frameworks */ = {isa = PBXBuildFile; fileRef = F170AE751C589B7B0093EC23 /* CoreLocation.framework */; };
		F170AE781C589B820093EC23 /* QuartzCore.framework in Frameworks */ = {isa = PBXBuildFile; fileRef = F170AE771C589B820093EC23 /* QuartzCore.framework */; };
		F170AE7A1C589B860093EC23 /* Security.framework in Frameworks */ = {isa = PBXBuildFile; fileRef = F170AE791C589B860093EC23 /* Security.framework */; };
		F170AE7C1C589B8C0093EC23 /* StoreKit.framework in Frameworks */ = {isa = PBXBuildFile; fileRef = F170AE7B1C589B8C0093EC23 /* StoreKit.framework */; };
		F170AE7E1C589B940093EC23 /* SystemConfiguration.framework in Frameworks */ = {isa = PBXBuildFile; fileRef = F170AE7D1C589B940093EC23 /* SystemConfiguration.framework */; };
		F170AE801C589B9B0093EC23 /* libz.tbd in Frameworks */ = {isa = PBXBuildFile; fileRef = F170AE7F1C589B9B0093EC23 /* libz.tbd */; };
		F170AE821C589BA60093EC23 /* libsqlite3.tbd in Frameworks */ = {isa = PBXBuildFile; fileRef = F170AE811C589BA60093EC23 /* libsqlite3.tbd */; };
		F170AE841C589C670093EC23 /* ParseLogInViewController.swift in Sources */ = {isa = PBXBuildFile; fileRef = F170AE831C589C670093EC23 /* ParseLogInViewController.swift */; };
		F170AE861C589D0E0093EC23 /* Pacifico.ttf in Resources */ = {isa = PBXBuildFile; fileRef = F170AE851C589D0E0093EC23 /* Pacifico.ttf */; };
		F170AE881C589F6B0093EC23 /* ParseSignUpViewController.swift in Sources */ = {isa = PBXBuildFile; fileRef = F170AE871C589F6B0093EC23 /* ParseSignUpViewController.swift */; };
		F18499AB1C5A917D00E82F61 /* ChallengeViewController.swift in Sources */ = {isa = PBXBuildFile; fileRef = F18499AA1C5A917D00E82F61 /* ChallengeViewController.swift */; };
/* End PBXBuildFile section */

/* Begin PBXContainerItemProxy section */
		F170AE3F1C5887D00093EC23 /* PBXContainerItemProxy */ = {
			isa = PBXContainerItemProxy;
			containerPortal = F170AE221C5887D00093EC23 /* Project object */;
			proxyType = 1;
			remoteGlobalIDString = F170AE291C5887D00093EC23;
			remoteInfo = GridLock;
		};
		F170AE4A1C5887D00093EC23 /* PBXContainerItemProxy */ = {
			isa = PBXContainerItemProxy;
			containerPortal = F170AE221C5887D00093EC23 /* Project object */;
			proxyType = 1;
			remoteGlobalIDString = F170AE291C5887D00093EC23;
			remoteInfo = GridLock;
		};
/* End PBXContainerItemProxy section */

/* Begin PBXFileReference section */
		F11B6EE21C59DBE600872347 /* NotificationCenterKeys.swift */ = {isa = PBXFileReference; fileEncoding = 4; lastKnownFileType = sourcecode.swift; path = NotificationCenterKeys.swift; sourceTree = "<group>"; };
		F12CBFF21C5C370100607D5E /* Share-TechMono.ttf */ = {isa = PBXFileReference; lastKnownFileType = file; path = "Share-TechMono.ttf"; sourceTree = "<group>"; };
		F142A90A1C5A66B800CAEE0C /* FriendsViewController.swift */ = {isa = PBXFileReference; fileEncoding = 4; lastKnownFileType = sourcecode.swift; path = FriendsViewController.swift; sourceTree = "<group>"; };
		F142A90C1C5A670B00CAEE0C /* FriendTableViewCell.swift */ = {isa = PBXFileReference; fileEncoding = 4; lastKnownFileType = sourcecode.swift; path = FriendTableViewCell.swift; sourceTree = "<group>"; };
		F148B35B1C5D3D68005E45D6 /* FeedViewController.swift */ = {isa = PBXFileReference; fileEncoding = 4; lastKnownFileType = sourcecode.swift; path = FeedViewController.swift; sourceTree = "<group>"; };
		F170AE2A1C5887D00093EC23 /* GridLock.app */ = {isa = PBXFileReference; explicitFileType = wrapper.application; includeInIndex = 0; path = GridLock.app; sourceTree = BUILT_PRODUCTS_DIR; };
		F170AE2D1C5887D00093EC23 /* AppDelegate.swift */ = {isa = PBXFileReference; lastKnownFileType = sourcecode.swift; path = AppDelegate.swift; sourceTree = "<group>"; };
		F170AE321C5887D00093EC23 /* Base */ = {isa = PBXFileReference; lastKnownFileType = file.storyboard; name = Base; path = Base.lproj/Main.storyboard; sourceTree = "<group>"; };
		F170AE341C5887D00093EC23 /* Assets.xcassets */ = {isa = PBXFileReference; lastKnownFileType = folder.assetcatalog; path = Assets.xcassets; sourceTree = "<group>"; };
		F170AE371C5887D00093EC23 /* Base */ = {isa = PBXFileReference; lastKnownFileType = file.storyboard; name = Base; path = Base.lproj/LaunchScreen.storyboard; sourceTree = "<group>"; };
		F170AE391C5887D00093EC23 /* Info.plist */ = {isa = PBXFileReference; lastKnownFileType = text.plist.xml; path = Info.plist; sourceTree = "<group>"; };
		F170AE3E1C5887D00093EC23 /* GridLockTests.xctest */ = {isa = PBXFileReference; explicitFileType = wrapper.cfbundle; includeInIndex = 0; path = GridLockTests.xctest; sourceTree = BUILT_PRODUCTS_DIR; };
		F170AE421C5887D00093EC23 /* GridLockTests.swift */ = {isa = PBXFileReference; lastKnownFileType = sourcecode.swift; path = GridLockTests.swift; sourceTree = "<group>"; };
		F170AE441C5887D00093EC23 /* Info.plist */ = {isa = PBXFileReference; lastKnownFileType = text.plist.xml; path = Info.plist; sourceTree = "<group>"; };
		F170AE491C5887D00093EC23 /* GridLockUITests.xctest */ = {isa = PBXFileReference; explicitFileType = wrapper.cfbundle; includeInIndex = 0; path = GridLockUITests.xctest; sourceTree = BUILT_PRODUCTS_DIR; };
		F170AE4D1C5887D00093EC23 /* GridLockUITests.swift */ = {isa = PBXFileReference; lastKnownFileType = sourcecode.swift; path = GridLockUITests.swift; sourceTree = "<group>"; };
		F170AE4F1C5887D00093EC23 /* Info.plist */ = {isa = PBXFileReference; lastKnownFileType = text.plist.xml; path = Info.plist; sourceTree = "<group>"; };
		F170AE5B1C58887B0093EC23 /* GridlockViewController.swift */ = {isa = PBXFileReference; fileEncoding = 4; lastKnownFileType = sourcecode.swift; path = GridlockViewController.swift; sourceTree = "<group>"; };
		F170AE611C589B390093EC23 /* Bolts.framework */ = {isa = PBXFileReference; lastKnownFileType = wrapper.framework; path = Bolts.framework; sourceTree = "<group>"; };
		F170AE621C589B390093EC23 /* Parse.framework */ = {isa = PBXFileReference; lastKnownFileType = wrapper.framework; path = Parse.framework; sourceTree = "<group>"; };
		F170AE641C589B390093EC23 /* ParseFacebookUtilsV4.framework */ = {isa = PBXFileReference; lastKnownFileType = wrapper.framework; path = ParseFacebookUtilsV4.framework; sourceTree = "<group>"; };
		F170AE651C589B390093EC23 /* ParseTwitterUtils.framework */ = {isa = PBXFileReference; lastKnownFileType = wrapper.framework; path = ParseTwitterUtils.framework; sourceTree = "<group>"; };
		F170AE661C589B390093EC23 /* ParseUI.framework */ = {isa = PBXFileReference; lastKnownFileType = wrapper.framework; path = ParseUI.framework; sourceTree = "<group>"; };
		F170AE6D1C589B570093EC23 /* AudioToolbox.framework */ = {isa = PBXFileReference; lastKnownFileType = wrapper.framework; name = AudioToolbox.framework; path = System/Library/Frameworks/AudioToolbox.framework; sourceTree = SDKROOT; };
		F170AE6F1C589B5E0093EC23 /* CFNetwork.framework */ = {isa = PBXFileReference; lastKnownFileType = wrapper.framework; name = CFNetwork.framework; path = System/Library/Frameworks/CFNetwork.framework; sourceTree = SDKROOT; };
		F170AE711C589B650093EC23 /* CoreGraphics.framework */ = {isa = PBXFileReference; lastKnownFileType = wrapper.framework; name = CoreGraphics.framework; path = System/Library/Frameworks/CoreGraphics.framework; sourceTree = SDKROOT; };
		F170AE731C589B6A0093EC23 /* CoreAudio.framework */ = {isa = PBXFileReference; lastKnownFileType = wrapper.framework; name = CoreAudio.framework; path = System/Library/Frameworks/CoreAudio.framework; sourceTree = SDKROOT; };
		F170AE751C589B7B0093EC23 /* CoreLocation.framework */ = {isa = PBXFileReference; lastKnownFileType = wrapper.framework; name = CoreLocation.framework; path = System/Library/Frameworks/CoreLocation.framework; sourceTree = SDKROOT; };
		F170AE771C589B820093EC23 /* QuartzCore.framework */ = {isa = PBXFileReference; lastKnownFileType = wrapper.framework; name = QuartzCore.framework; path = System/Library/Frameworks/QuartzCore.framework; sourceTree = SDKROOT; };
		F170AE791C589B860093EC23 /* Security.framework */ = {isa = PBXFileReference; lastKnownFileType = wrapper.framework; name = Security.framework; path = System/Library/Frameworks/Security.framework; sourceTree = SDKROOT; };
		F170AE7B1C589B8C0093EC23 /* StoreKit.framework */ = {isa = PBXFileReference; lastKnownFileType = wrapper.framework; name = StoreKit.framework; path = System/Library/Frameworks/StoreKit.framework; sourceTree = SDKROOT; };
		F170AE7D1C589B940093EC23 /* SystemConfiguration.framework */ = {isa = PBXFileReference; lastKnownFileType = wrapper.framework; name = SystemConfiguration.framework; path = System/Library/Frameworks/SystemConfiguration.framework; sourceTree = SDKROOT; };
		F170AE7F1C589B9B0093EC23 /* libz.tbd */ = {isa = PBXFileReference; lastKnownFileType = "sourcecode.text-based-dylib-definition"; name = libz.tbd; path = usr/lib/libz.tbd; sourceTree = SDKROOT; };
		F170AE811C589BA60093EC23 /* libsqlite3.tbd */ = {isa = PBXFileReference; lastKnownFileType = "sourcecode.text-based-dylib-definition"; name = libsqlite3.tbd; path = usr/lib/libsqlite3.tbd; sourceTree = SDKROOT; };
		F170AE831C589C670093EC23 /* ParseLogInViewController.swift */ = {isa = PBXFileReference; fileEncoding = 4; lastKnownFileType = sourcecode.swift; path = ParseLogInViewController.swift; sourceTree = "<group>"; };
		F170AE851C589D0E0093EC23 /* Pacifico.ttf */ = {isa = PBXFileReference; lastKnownFileType = file; path = Pacifico.ttf; sourceTree = "<group>"; };
		F170AE871C589F6B0093EC23 /* ParseSignUpViewController.swift */ = {isa = PBXFileReference; fileEncoding = 4; lastKnownFileType = sourcecode.swift; path = ParseSignUpViewController.swift; sourceTree = "<group>"; };
		F18499AA1C5A917D00E82F61 /* ChallengeViewController.swift */ = {isa = PBXFileReference; fileEncoding = 4; lastKnownFileType = sourcecode.swift; path = ChallengeViewController.swift; sourceTree = "<group>"; };
/* End PBXFileReference section */

/* Begin PBXFrameworksBuildPhase section */
		F170AE271C5887D00093EC23 /* Frameworks */ = {
			isa = PBXFrameworksBuildPhase;
			buildActionMask = 2147483647;
			files = (
				F170AE821C589BA60093EC23 /* libsqlite3.tbd in Frameworks */,
				F170AE801C589B9B0093EC23 /* libz.tbd in Frameworks */,
				F170AE7E1C589B940093EC23 /* SystemConfiguration.framework in Frameworks */,
				F170AE7C1C589B8C0093EC23 /* StoreKit.framework in Frameworks */,
				F170AE7A1C589B860093EC23 /* Security.framework in Frameworks */,
				F170AE781C589B820093EC23 /* QuartzCore.framework in Frameworks */,
				F170AE761C589B7B0093EC23 /* CoreLocation.framework in Frameworks */,
				F170AE721C589B650093EC23 /* CoreGraphics.framework in Frameworks */,
				F170AE701C589B5E0093EC23 /* CFNetwork.framework in Frameworks */,
				F170AE6E1C589B570093EC23 /* AudioToolbox.framework in Frameworks */,
				F170AE6C1C589B390093EC23 /* ParseUI.framework in Frameworks */,
				F170AE681C589B390093EC23 /* Parse.framework in Frameworks */,
				F170AE671C589B390093EC23 /* Bolts.framework in Frameworks */,
				F170AE6A1C589B390093EC23 /* ParseFacebookUtilsV4.framework in Frameworks */,
				F170AE6B1C589B390093EC23 /* ParseTwitterUtils.framework in Frameworks */,
			);
			runOnlyForDeploymentPostprocessing = 0;
		};
		F170AE3B1C5887D00093EC23 /* Frameworks */ = {
			isa = PBXFrameworksBuildPhase;
			buildActionMask = 2147483647;
			files = (
			);
			runOnlyForDeploymentPostprocessing = 0;
		};
		F170AE461C5887D00093EC23 /* Frameworks */ = {
			isa = PBXFrameworksBuildPhase;
			buildActionMask = 2147483647;
			files = (
			);
			runOnlyForDeploymentPostprocessing = 0;
		};
/* End PBXFrameworksBuildPhase section */

/* Begin PBXGroup section */
		F170AE211C5887D00093EC23 = {
			isa = PBXGroup;
			children = (
				F170AE811C589BA60093EC23 /* libsqlite3.tbd */,
				F170AE7F1C589B9B0093EC23 /* libz.tbd */,
				F170AE7D1C589B940093EC23 /* SystemConfiguration.framework */,
				F170AE7B1C589B8C0093EC23 /* StoreKit.framework */,
				F170AE791C589B860093EC23 /* Security.framework */,
				F170AE771C589B820093EC23 /* QuartzCore.framework */,
				F170AE751C589B7B0093EC23 /* CoreLocation.framework */,
				F170AE731C589B6A0093EC23 /* CoreAudio.framework */,
				F170AE711C589B650093EC23 /* CoreGraphics.framework */,
				F170AE6F1C589B5E0093EC23 /* CFNetwork.framework */,
				F170AE6D1C589B570093EC23 /* AudioToolbox.framework */,
				F170AE611C589B390093EC23 /* Bolts.framework */,
				F170AE621C589B390093EC23 /* Parse.framework */,
				F170AE641C589B390093EC23 /* ParseFacebookUtilsV4.framework */,
				F170AE651C589B390093EC23 /* ParseTwitterUtils.framework */,
				F170AE661C589B390093EC23 /* ParseUI.framework */,
				F170AE2C1C5887D00093EC23 /* GridLock */,
				F170AE411C5887D00093EC23 /* GridLockTests */,
				F170AE4C1C5887D00093EC23 /* GridLockUITests */,
				F170AE2B1C5887D00093EC23 /* Products */,
			);
			sourceTree = "<group>";
		};
		F170AE2B1C5887D00093EC23 /* Products */ = {
			isa = PBXGroup;
			children = (
				F170AE2A1C5887D00093EC23 /* GridLock.app */,
				F170AE3E1C5887D00093EC23 /* GridLockTests.xctest */,
				F170AE491C5887D00093EC23 /* GridLockUITests.xctest */,
			);
			name = Products;
			sourceTree = "<group>";
		};
		F170AE2C1C5887D00093EC23 /* GridLock */ = {
			isa = PBXGroup;
			children = (
				F12CBFF21C5C370100607D5E /* Share-TechMono.ttf */,
				F170AE851C589D0E0093EC23 /* Pacifico.ttf */,
				F11B6EE21C59DBE600872347 /* NotificationCenterKeys.swift */,
				F170AE2D1C5887D00093EC23 /* AppDelegate.swift */,
				F170AE311C5887D00093EC23 /* Main.storyboard */,
				F148B35B1C5D3D68005E45D6 /* FeedViewController.swift */,
				F18499AA1C5A917D00E82F61 /* ChallengeViewController.swift */,
				F142A90A1C5A66B800CAEE0C /* FriendsViewController.swift */,
				F142A90C1C5A670B00CAEE0C /* FriendTableViewCell.swift */,
				F170AE5B1C58887B0093EC23 /* GridlockViewController.swift */,
				F170AE831C589C670093EC23 /* ParseLogInViewController.swift */,
				F170AE871C589F6B0093EC23 /* ParseSignUpViewController.swift */,
				F170AE341C5887D00093EC23 /* Assets.xcassets */,
				F170AE361C5887D00093EC23 /* LaunchScreen.storyboard */,
				F170AE391C5887D00093EC23 /* Info.plist */,
			);
			path = GridLock;
			sourceTree = "<group>";
		};
		F170AE411C5887D00093EC23 /* GridLockTests */ = {
			isa = PBXGroup;
			children = (
				F170AE421C5887D00093EC23 /* GridLockTests.swift */,
				F170AE441C5887D00093EC23 /* Info.plist */,
			);
			path = GridLockTests;
			sourceTree = "<group>";
		};
		F170AE4C1C5887D00093EC23 /* GridLockUITests */ = {
			isa = PBXGroup;
			children = (
				F170AE4D1C5887D00093EC23 /* GridLockUITests.swift */,
				F170AE4F1C5887D00093EC23 /* Info.plist */,
			);
			path = GridLockUITests;
			sourceTree = "<group>";
		};
/* End PBXGroup section */

/* Begin PBXNativeTarget section */
		F170AE291C5887D00093EC23 /* GridLock */ = {
			isa = PBXNativeTarget;
			buildConfigurationList = F170AE521C5887D00093EC23 /* Build configuration list for PBXNativeTarget "GridLock" */;
			buildPhases = (
				F170AE261C5887D00093EC23 /* Sources */,
				F170AE271C5887D00093EC23 /* Frameworks */,
				F170AE281C5887D00093EC23 /* Resources */,
			);
			buildRules = (
			);
			dependencies = (
			);
			name = GridLock;
			productName = GridLock;
			productReference = F170AE2A1C5887D00093EC23 /* GridLock.app */;
			productType = "com.apple.product-type.application";
		};
		F170AE3D1C5887D00093EC23 /* GridLockTests */ = {
			isa = PBXNativeTarget;
			buildConfigurationList = F170AE551C5887D00093EC23 /* Build configuration list for PBXNativeTarget "GridLockTests" */;
			buildPhases = (
				F170AE3A1C5887D00093EC23 /* Sources */,
				F170AE3B1C5887D00093EC23 /* Frameworks */,
				F170AE3C1C5887D00093EC23 /* Resources */,
			);
			buildRules = (
			);
			dependencies = (
				F170AE401C5887D00093EC23 /* PBXTargetDependency */,
			);
			name = GridLockTests;
			productName = GridLockTests;
			productReference = F170AE3E1C5887D00093EC23 /* GridLockTests.xctest */;
			productType = "com.apple.product-type.bundle.unit-test";
		};
		F170AE481C5887D00093EC23 /* GridLockUITests */ = {
			isa = PBXNativeTarget;
			buildConfigurationList = F170AE581C5887D00093EC23 /* Build configuration list for PBXNativeTarget "GridLockUITests" */;
			buildPhases = (
				F170AE451C5887D00093EC23 /* Sources */,
				F170AE461C5887D00093EC23 /* Frameworks */,
				F170AE471C5887D00093EC23 /* Resources */,
			);
			buildRules = (
			);
			dependencies = (
				F170AE4B1C5887D00093EC23 /* PBXTargetDependency */,
			);
			name = GridLockUITests;
			productName = GridLockUITests;
			productReference = F170AE491C5887D00093EC23 /* GridLockUITests.xctest */;
			productType = "com.apple.product-type.bundle.ui-testing";
		};
/* End PBXNativeTarget section */

/* Begin PBXProject section */
		F170AE221C5887D00093EC23 /* Project object */ = {
			isa = PBXProject;
			attributes = {
				LastSwiftUpdateCheck = 0720;
				LastUpgradeCheck = 0720;
				ORGANIZATIONNAME = "David Mattia";
				TargetAttributes = {
					F170AE291C5887D00093EC23 = {
						CreatedOnToolsVersion = 7.2;
					};
					F170AE3D1C5887D00093EC23 = {
						CreatedOnToolsVersion = 7.2;
						TestTargetID = F170AE291C5887D00093EC23;
					};
					F170AE481C5887D00093EC23 = {
						CreatedOnToolsVersion = 7.2;
						TestTargetID = F170AE291C5887D00093EC23;
					};
				};
			};
			buildConfigurationList = F170AE251C5887D00093EC23 /* Build configuration list for PBXProject "GridLock" */;
			compatibilityVersion = "Xcode 3.2";
			developmentRegion = English;
			hasScannedForEncodings = 0;
			knownRegions = (
				en,
				Base,
			);
			mainGroup = F170AE211C5887D00093EC23;
			productRefGroup = F170AE2B1C5887D00093EC23 /* Products */;
			projectDirPath = "";
			projectRoot = "";
			targets = (
				F170AE291C5887D00093EC23 /* GridLock */,
				F170AE3D1C5887D00093EC23 /* GridLockTests */,
				F170AE481C5887D00093EC23 /* GridLockUITests */,
			);
		};
/* End PBXProject section */

/* Begin PBXResourcesBuildPhase section */
		F170AE281C5887D00093EC23 /* Resources */ = {
			isa = PBXResourcesBuildPhase;
			buildActionMask = 2147483647;
			files = (
				F12CBFF31C5C370100607D5E /* Share-TechMono.ttf in Resources */,
				F170AE381C5887D00093EC23 /* LaunchScreen.storyboard in Resources */,
				F170AE351C5887D00093EC23 /* Assets.xcassets in Resources */,
				F170AE861C589D0E0093EC23 /* Pacifico.ttf in Resources */,
				F170AE331C5887D00093EC23 /* Main.storyboard in Resources */,
			);
			runOnlyForDeploymentPostprocessing = 0;
		};
		F170AE3C1C5887D00093EC23 /* Resources */ = {
			isa = PBXResourcesBuildPhase;
			buildActionMask = 2147483647;
			files = (
			);
			runOnlyForDeploymentPostprocessing = 0;
		};
		F170AE471C5887D00093EC23 /* Resources */ = {
			isa = PBXResourcesBuildPhase;
			buildActionMask = 2147483647;
			files = (
			);
			runOnlyForDeploymentPostprocessing = 0;
		};
/* End PBXResourcesBuildPhase section */

/* Begin PBXSourcesBuildPhase section */
		F170AE261C5887D00093EC23 /* Sources */ = {
			isa = PBXSourcesBuildPhase;
			buildActionMask = 2147483647;
			files = (
				F170AE2E1C5887D00093EC23 /* AppDelegate.swift in Sources */,
				F148B35C1C5D3D68005E45D6 /* FeedViewController.swift in Sources */,
				F170AE5C1C58887B0093EC23 /* GridlockViewController.swift in Sources */,
				F18499AB1C5A917D00E82F61 /* ChallengeViewController.swift in Sources */,
				F11B6EE31C59DBE600872347 /* NotificationCenterKeys.swift in Sources */,
				F170AE881C589F6B0093EC23 /* ParseSignUpViewController.swift in Sources */,
				F142A90B1C5A66B800CAEE0C /* FriendsViewController.swift in Sources */,
				F170AE841C589C670093EC23 /* ParseLogInViewController.swift in Sources */,
				F142A90D1C5A670B00CAEE0C /* FriendTableViewCell.swift in Sources */,
			);
			runOnlyForDeploymentPostprocessing = 0;
		};
		F170AE3A1C5887D00093EC23 /* Sources */ = {
			isa = PBXSourcesBuildPhase;
			buildActionMask = 2147483647;
			files = (
				F170AE431C5887D00093EC23 /* GridLockTests.swift in Sources */,
			);
			runOnlyForDeploymentPostprocessing = 0;
		};
		F170AE451C5887D00093EC23 /* Sources */ = {
			isa = PBXSourcesBuildPhase;
			buildActionMask = 2147483647;
			files = (
				F170AE4E1C5887D00093EC23 /* GridLockUITests.swift in Sources */,
			);
			runOnlyForDeploymentPostprocessing = 0;
		};
/* End PBXSourcesBuildPhase section */

/* Begin PBXTargetDependency section */
		F170AE401C5887D00093EC23 /* PBXTargetDependency */ = {
			isa = PBXTargetDependency;
			target = F170AE291C5887D00093EC23 /* GridLock */;
			targetProxy = F170AE3F1C5887D00093EC23 /* PBXContainerItemProxy */;
		};
		F170AE4B1C5887D00093EC23 /* PBXTargetDependency */ = {
			isa = PBXTargetDependency;
			target = F170AE291C5887D00093EC23 /* GridLock */;
			targetProxy = F170AE4A1C5887D00093EC23 /* PBXContainerItemProxy */;
		};
/* End PBXTargetDependency section */

/* Begin PBXVariantGroup section */
		F170AE311C5887D00093EC23 /* Main.storyboard */ = {
			isa = PBXVariantGroup;
			children = (
				F170AE321C5887D00093EC23 /* Base */,
			);
			name = Main.storyboard;
			sourceTree = "<group>";
		};
		F170AE361C5887D00093EC23 /* LaunchScreen.storyboard */ = {
			isa = PBXVariantGroup;
			children = (
				F170AE371C5887D00093EC23 /* Base */,
			);
			name = LaunchScreen.storyboard;
			sourceTree = "<group>";
		};
/* End PBXVariantGroup section */

/* Begin XCBuildConfiguration section */
		F170AE501C5887D00093EC23 /* Debug */ = {
			isa = XCBuildConfiguration;
			buildSettings = {
				ALWAYS_SEARCH_USER_PATHS = NO;
				CLANG_CXX_LANGUAGE_STANDARD = "gnu++0x";
				CLANG_CXX_LIBRARY = "libc++";
				CLANG_ENABLE_MODULES = YES;
				CLANG_ENABLE_OBJC_ARC = YES;
				CLANG_WARN_BOOL_CONVERSION = YES;
				CLANG_WARN_CONSTANT_CONVERSION = YES;
				CLANG_WARN_DIRECT_OBJC_ISA_USAGE = YES_ERROR;
				CLANG_WARN_EMPTY_BODY = YES;
				CLANG_WARN_ENUM_CONVERSION = YES;
				CLANG_WARN_INT_CONVERSION = YES;
				CLANG_WARN_OBJC_ROOT_CLASS = YES_ERROR;
				CLANG_WARN_UNREACHABLE_CODE = YES;
				CLANG_WARN__DUPLICATE_METHOD_MATCH = YES;
				"CODE_SIGN_IDENTITY[sdk=iphoneos*]" = "iPhone Developer";
				COPY_PHASE_STRIP = NO;
				DEBUG_INFORMATION_FORMAT = dwarf;
				ENABLE_STRICT_OBJC_MSGSEND = YES;
				ENABLE_TESTABILITY = YES;
				GCC_C_LANGUAGE_STANDARD = gnu99;
				GCC_DYNAMIC_NO_PIC = NO;
				GCC_NO_COMMON_BLOCKS = YES;
				GCC_OPTIMIZATION_LEVEL = 0;
				GCC_PREPROCESSOR_DEFINITIONS = (
					"DEBUG=1",
					"$(inherited)",
				);
				GCC_WARN_64_TO_32_BIT_CONVERSION = YES;
				GCC_WARN_ABOUT_RETURN_TYPE = YES_ERROR;
				GCC_WARN_UNDECLARED_SELECTOR = YES;
				GCC_WARN_UNINITIALIZED_AUTOS = YES_AGGRESSIVE;
				GCC_WARN_UNUSED_FUNCTION = YES;
				GCC_WARN_UNUSED_VARIABLE = YES;
				IPHONEOS_DEPLOYMENT_TARGET = 9.2;
				MTL_ENABLE_DEBUG_INFO = YES;
				ONLY_ACTIVE_ARCH = YES;
				SDKROOT = iphoneos;
				SWIFT_OPTIMIZATION_LEVEL = "-Onone";
			};
			name = Debug;
		};
		F170AE511C5887D00093EC23 /* Release */ = {
			isa = XCBuildConfiguration;
			buildSettings = {
				ALWAYS_SEARCH_USER_PATHS = NO;
				CLANG_CXX_LANGUAGE_STANDARD = "gnu++0x";
				CLANG_CXX_LIBRARY = "libc++";
				CLANG_ENABLE_MODULES = YES;
				CLANG_ENABLE_OBJC_ARC = YES;
				CLANG_WARN_BOOL_CONVERSION = YES;
				CLANG_WARN_CONSTANT_CONVERSION = YES;
				CLANG_WARN_DIRECT_OBJC_ISA_USAGE = YES_ERROR;
				CLANG_WARN_EMPTY_BODY = YES;
				CLANG_WARN_ENUM_CONVERSION = YES;
				CLANG_WARN_INT_CONVERSION = YES;
				CLANG_WARN_OBJC_ROOT_CLASS = YES_ERROR;
				CLANG_WARN_UNREACHABLE_CODE = YES;
				CLANG_WARN__DUPLICATE_METHOD_MATCH = YES;
				"CODE_SIGN_IDENTITY[sdk=iphoneos*]" = "iPhone Developer";
				COPY_PHASE_STRIP = NO;
				DEBUG_INFORMATION_FORMAT = "dwarf-with-dsym";
				ENABLE_NS_ASSERTIONS = NO;
				ENABLE_STRICT_OBJC_MSGSEND = YES;
				GCC_C_LANGUAGE_STANDARD = gnu99;
				GCC_NO_COMMON_BLOCKS = YES;
				GCC_WARN_64_TO_32_BIT_CONVERSION = YES;
				GCC_WARN_ABOUT_RETURN_TYPE = YES_ERROR;
				GCC_WARN_UNDECLARED_SELECTOR = YES;
				GCC_WARN_UNINITIALIZED_AUTOS = YES_AGGRESSIVE;
				GCC_WARN_UNUSED_FUNCTION = YES;
				GCC_WARN_UNUSED_VARIABLE = YES;
				IPHONEOS_DEPLOYMENT_TARGET = 9.2;
				MTL_ENABLE_DEBUG_INFO = NO;
				SDKROOT = iphoneos;
				VALIDATE_PRODUCT = YES;
			};
			name = Release;
		};
		F170AE531C5887D00093EC23 /* Debug */ = {
			isa = XCBuildConfiguration;
			buildSettings = {
				ASSETCATALOG_COMPILER_APPICON_NAME = AppIcon;
				FRAMEWORK_SEARCH_PATHS = (
					"$(inherited)",
					"$(PROJECT_DIR)",
				);
				INFOPLIST_FILE = GridLock/Info.plist;
				IPHONEOS_DEPLOYMENT_TARGET = 8.0;
				LD_RUNPATH_SEARCH_PATHS = "$(inherited) @executable_path/Frameworks";
				PRODUCT_BUNDLE_IDENTIFIER = "com.David-mattia.GridLock";
				PRODUCT_NAME = "$(TARGET_NAME)";
			};
			name = Debug;
		};
		F170AE541C5887D00093EC23 /* Release */ = {
			isa = XCBuildConfiguration;
			buildSettings = {
				ASSETCATALOG_COMPILER_APPICON_NAME = AppIcon;
				FRAMEWORK_SEARCH_PATHS = (
					"$(inherited)",
					"$(PROJECT_DIR)",
				);
				INFOPLIST_FILE = GridLock/Info.plist;
				IPHONEOS_DEPLOYMENT_TARGET = 8.0;
				LD_RUNPATH_SEARCH_PATHS = "$(inherited) @executable_path/Frameworks";
				PRODUCT_BUNDLE_IDENTIFIER = "com.David-mattia.GridLock";
				PRODUCT_NAME = "$(TARGET_NAME)";
			};
			name = Release;
		};
		F170AE561C5887D00093EC23 /* Debug */ = {
			isa = XCBuildConfiguration;
			buildSettings = {
				BUNDLE_LOADER = "$(TEST_HOST)";
				INFOPLIST_FILE = GridLockTests/Info.plist;
				LD_RUNPATH_SEARCH_PATHS = "$(inherited) @executable_path/Frameworks @loader_path/Frameworks";
				PRODUCT_BUNDLE_IDENTIFIER = "com.David-mattia.GridLockTests";
				PRODUCT_NAME = "$(TARGET_NAME)";
				TEST_HOST = "$(BUILT_PRODUCTS_DIR)/GridLock.app/GridLock";
			};
			name = Debug;
		};
		F170AE571C5887D00093EC23 /* Release */ = {
			isa = XCBuildConfiguration;
			buildSettings = {
				BUNDLE_LOADER = "$(TEST_HOST)";
				INFOPLIST_FILE = GridLockTests/Info.plist;
				LD_RUNPATH_SEARCH_PATHS = "$(inherited) @executable_path/Frameworks @loader_path/Frameworks";
				PRODUCT_BUNDLE_IDENTIFIER = "com.David-mattia.GridLockTests";
				PRODUCT_NAME = "$(TARGET_NAME)";
				TEST_HOST = "$(BUILT_PRODUCTS_DIR)/GridLock.app/GridLock";
			};
			name = Release;
		};
		F170AE591C5887D00093EC23 /* Debug */ = {
			isa = XCBuildConfiguration;
			buildSettings = {
				INFOPLIST_FILE = GridLockUITests/Info.plist;
				LD_RUNPATH_SEARCH_PATHS = "$(inherited) @executable_path/Frameworks @loader_path/Frameworks";
				PRODUCT_BUNDLE_IDENTIFIER = "com.David-mattia.GridLockUITests";
				PRODUCT_NAME = "$(TARGET_NAME)";
				TEST_TARGET_NAME = GridLock;
				USES_XCTRUNNER = YES;
			};
			name = Debug;
		};
		F170AE5A1C5887D00093EC23 /* Release */ = {
			isa = XCBuildConfiguration;
			buildSettings = {
				INFOPLIST_FILE = GridLockUITests/Info.plist;
				LD_RUNPATH_SEARCH_PATHS = "$(inherited) @executable_path/Frameworks @loader_path/Frameworks";
				PRODUCT_BUNDLE_IDENTIFIER = "com.David-mattia.GridLockUITests";
				PRODUCT_NAME = "$(TARGET_NAME)";
				TEST_TARGET_NAME = GridLock;
				USES_XCTRUNNER = YES;
			};
			name = Release;
		};
/* End XCBuildConfiguration section */

/* Begin XCConfigurationList section */
		F170AE251C5887D00093EC23 /* Build configuration list for PBXProject "GridLock" */ = {
			isa = XCConfigurationList;
			buildConfigurations = (
				F170AE501C5887D00093EC23 /* Debug */,
				F170AE511C5887D00093EC23 /* Release */,
			);
			defaultConfigurationIsVisible = 0;
			defaultConfigurationName = Release;
		};
		F170AE521C5887D00093EC23 /* Build configuration list for PBXNativeTarget "GridLock" */ = {
			isa = XCConfigurationList;
			buildConfigurations = (
				F170AE531C5887D00093EC23 /* Debug */,
				F170AE541C5887D00093EC23 /* Release */,
			);
			defaultConfigurationIsVisible = 0;
			defaultConfigurationName = Release;
		};
		F170AE551C5887D00093EC23 /* Build configuration list for PBXNativeTarget "GridLockTests" */ = {
			isa = XCConfigurationList;
			buildConfigurations = (
				F170AE561C5887D00093EC23 /* Debug */,
				F170AE571C5887D00093EC23 /* Release */,
			);
			defaultConfigurationIsVisible = 0;
			defaultConfigurationName = Release;
		};
		F170AE581C5887D00093EC23 /* Build configuration list for PBXNativeTarget "GridLockUITests" */ = {
			isa = XCConfigurationList;
			buildConfigurations = (
				F170AE591C5887D00093EC23 /* Debug */,
				F170AE5A1C5887D00093EC23 /* Release */,
			);
			defaultConfigurationIsVisible = 0;
			defaultConfigurationName = Release;
		};
/* End XCConfigurationList section */
	};
	rootObject = F170AE221C5887D00093EC23 /* Project object */;
}
